
Microsoft Visual Studio Solution File, Format Version 12.00
# Visual Studio Version 17
VisualStudioVersion = 17.0.31903.59
MinimumVisualStudioVersion = 10.0.40219.1
Project("{F2A71F9B-5D33-465A-A702-920D77279786}") = "LambdaInterpreter", "LambdaInterpreter.fsproj", "{B0AF8E94-3684-49A8-B7A8-DD4BC96F691E}"
EndProject
Project("{F2A71F9B-5D33-465A-A702-920D77279786}") = "Tests", "Tests\Tests.fsproj", "{E8C61C69-F435-47A3-9F91-A5304CF2DBC9}"
EndProject
Global
	GlobalSection(SolutionConfigurationPlatforms) = preSolution
		Debug|Any CPU = Debug|Any CPU
		Release|Any CPU = Release|Any CPU
	EndGlobalSection
	GlobalSection(SolutionProperties) = preSolution
		HideSolutionNode = FALSE
	EndGlobalSection
	GlobalSection(ProjectConfigurationPlatforms) = postSolution
		{B0AF8E94-3684-49A8-B7A8-DD4BC96F691E}.Debug|Any CPU.ActiveCfg = Debug|Any CPU
		{B0AF8E94-3684-49A8-B7A8-DD4BC96F691E}.Debug|Any CPU.Build.0 = Debug|Any CPU
		{B0AF8E94-3684-49A8-B7A8-DD4BC96F691E}.Release|Any CPU.ActiveCfg = Release|Any CPU
		{B0AF8E94-3684-49A8-B7A8-DD4BC96F691E}.Release|Any CPU.Build.0 = Release|Any CPU
		{E8C61C69-F435-47A3-9F91-A5304CF2DBC9}.Debug|Any CPU.ActiveCfg = Debug|Any CPU
		{E8C61C69-F435-47A3-9F91-A5304CF2DBC9}.Debug|Any CPU.Build.0 = Debug|Any CPU
		{E8C61C69-F435-47A3-9F91-A5304CF2DBC9}.Release|Any CPU.ActiveCfg = Release|Any CPU
		{E8C61C69-F435-47A3-9F91-A5304CF2DBC9}.Release|Any CPU.Build.0 = Release|Any CPU
	EndGlobalSection
EndGlobal
