
Microsoft Visual Studio Solution File, Format Version 12.00
# Visual Studio Version 17
VisualStudioVersion = 17.0.31903.59
MinimumVisualStudioVersion = 10.0.40219.1
Project("{F2A71F9B-5D33-465A-A702-920D77279786}") = "Test1", "Test1.fsproj", "{8A6FA758-9508-440E-93C5-1DEEF91D2642}"
EndProject
Project("{F2A71F9B-5D33-465A-A702-920D77279786}") = "Tests", "Tests\Tests.fsproj", "{3B510BE7-F7F3-446E-B435-F46661E07BCA}"
EndProject
Global
	GlobalSection(SolutionConfigurationPlatforms) = preSolution
		Debug|Any CPU = Debug|Any CPU
		Release|Any CPU = Release|Any CPU
	EndGlobalSection
	GlobalSection(SolutionProperties) = preSolution
		HideSolutionNode = FALSE
	EndGlobalSection
	GlobalSection(ProjectConfigurationPlatforms) = postSolution
		{8A6FA758-9508-440E-93C5-1DEEF91D2642}.Debug|Any CPU.ActiveCfg = Debug|Any CPU
		{8A6FA758-9508-440E-93C5-1DEEF91D2642}.Debug|Any CPU.Build.0 = Debug|Any CPU
		{8A6FA758-9508-440E-93C5-1DEEF91D2642}.Release|Any CPU.ActiveCfg = Release|Any CPU
		{8A6FA758-9508-440E-93C5-1DEEF91D2642}.Release|Any CPU.Build.0 = Release|Any CPU
		{3B510BE7-F7F3-446E-B435-F46661E07BCA}.Debug|Any CPU.ActiveCfg = Debug|Any CPU
		{3B510BE7-F7F3-446E-B435-F46661E07BCA}.Debug|Any CPU.Build.0 = Debug|Any CPU
		{3B510BE7-F7F3-446E-B435-F46661E07BCA}.Release|Any CPU.ActiveCfg = Release|Any CPU
		{3B510BE7-F7F3-446E-B435-F46661E07BCA}.Release|Any CPU.Build.0 = Release|Any CPU
	EndGlobalSection
EndGlobal
